
Microsoft Visual Studio Solution File, Format Version 12.00
# Visual Studio 15
VisualStudioVersion = 15.0.27428.2011
MinimumVisualStudioVersion = 10.0.40219.1
Project("{FAE04EC0-301F-11D3-BF4B-00C04F79EFBC}") = "JobCandidate", "JobCandidate\JobCandidate.csproj", "{FE89E125-0B95-4EC2-9D0A-716E0830A35C}"
EndProject
Global
	GlobalSection(SolutionConfigurationPlatforms) = preSolution
		Debug|Any CPU = Debug|Any CPU
		Release|Any CPU = Release|Any CPU
	EndGlobalSection
	GlobalSection(ProjectConfigurationPlatforms) = postSolution
		{FE89E125-0B95-4EC2-9D0A-716E0830A35C}.Debug|Any CPU.ActiveCfg = Debug|Any CPU
		{FE89E125-0B95-4EC2-9D0A-716E0830A35C}.Debug|Any CPU.Build.0 = Debug|Any CPU
		{FE89E125-0B95-4EC2-9D0A-716E0830A35C}.Release|Any CPU.ActiveCfg = Release|Any CPU
		{FE89E125-0B95-4EC2-9D0A-716E0830A35C}.Release|Any CPU.Build.0 = Release|Any CPU
	EndGlobalSection
	GlobalSection(SolutionProperties) = preSolution
		HideSolutionNode = FALSE
	EndGlobalSection
	GlobalSection(ExtensibilityGlobals) = postSolution
		SolutionGuid = {17EF85D1-F2E2-4DB8-994B-F44C87315A44}
	EndGlobalSection
EndGlobal
