
Microsoft Visual Studio Solution File, Format Version 12.00
# Visual Studio 15
VisualStudioVersion = 15.0.27428.2011
MinimumVisualStudioVersion = 10.0.40219.1
Project("{FAE04EC0-301F-11D3-BF4B-00C04F79EFBC}") = "SchoolTracker", "SchoolTracker\SchoolTracker.csproj", "{FB9F2DC0-7B87-43E5-B93A-B9375DB11D8D}"
EndProject
Global
	GlobalSection(SolutionConfigurationPlatforms) = preSolution
		Debug|Any CPU = Debug|Any CPU
		Release|Any CPU = Release|Any CPU
	EndGlobalSection
	GlobalSection(ProjectConfigurationPlatforms) = postSolution
		{FB9F2DC0-7B87-43E5-B93A-B9375DB11D8D}.Debug|Any CPU.ActiveCfg = Debug|Any CPU
		{FB9F2DC0-7B87-43E5-B93A-B9375DB11D8D}.Debug|Any CPU.Build.0 = Debug|Any CPU
		{FB9F2DC0-7B87-43E5-B93A-B9375DB11D8D}.Release|Any CPU.ActiveCfg = Release|Any CPU
		{FB9F2DC0-7B87-43E5-B93A-B9375DB11D8D}.Release|Any CPU.Build.0 = Release|Any CPU
	EndGlobalSection
	GlobalSection(SolutionProperties) = preSolution
		HideSolutionNode = FALSE
	EndGlobalSection
	GlobalSection(ExtensibilityGlobals) = postSolution
		SolutionGuid = {52DE6409-FAB6-475D-994D-E1B3D2BF8756}
	EndGlobalSection
EndGlobal
